
Microsoft Visual Studio Solution File, Format Version 12.00
# Visual Studio 15
VisualStudioVersion = 15.0.27428.2037
MinimumVisualStudioVersion = 10.0.40219.1
Project("{FAE04EC0-301F-11D3-BF4B-00C04F79EFBC}") = "PowerPoint", "PowerPoint\PowerPoint.csproj", "{39BAC66A-8366-423B-9EED-75ECE020BCC5}"
EndProject
Global
	GlobalSection(SolutionConfigurationPlatforms) = preSolution
		Debug|Any CPU = Debug|Any CPU
		Release|Any CPU = Release|Any CPU
	EndGlobalSection
	GlobalSection(ProjectConfigurationPlatforms) = postSolution
		{39BAC66A-8366-423B-9EED-75ECE020BCC5}.Debug|Any CPU.ActiveCfg = Debug|Any CPU
		{39BAC66A-8366-423B-9EED-75ECE020BCC5}.Debug|Any CPU.Build.0 = Debug|Any CPU
		{39BAC66A-8366-423B-9EED-75ECE020BCC5}.Release|Any CPU.ActiveCfg = Release|Any CPU
		{39BAC66A-8366-423B-9EED-75ECE020BCC5}.Release|Any CPU.Build.0 = Release|Any CPU
	EndGlobalSection
	GlobalSection(SolutionProperties) = preSolution
		HideSolutionNode = FALSE
	EndGlobalSection
	GlobalSection(ExtensibilityGlobals) = postSolution
		SolutionGuid = {264A5B7F-D368-4EEA-A453-D30400343F02}
	EndGlobalSection
EndGlobal
